
Microsoft Visual Studio Solution File, Format Version 12.00
# Visual Studio Version 17
VisualStudioVersion = 17.13.35931.197
MinimumVisualStudioVersion = 10.0.40219.1
Project("{FAE04EC0-301F-11D3-BF4B-00C04F79EFBC}") = "SmapIt", "Main\SmapIt.csproj", "{BD87EB23-C0F8-45F6-B304-6AA0D65797A6}"
EndProject
Project("{FAE04EC0-301F-11D3-BF4B-00C04F79EFBC}") = "Updater", "Updater\Updater.csproj", "{47DCF239-D45C-4FDD-A940-7BE30F7E0F71}"
EndProject
Global
	GlobalSection(SolutionConfigurationPlatforms) = preSolution
		Debug|Any CPU = Debug|Any CPU
		Release|Any CPU = Release|Any CPU
	EndGlobalSection
	GlobalSection(ProjectConfigurationPlatforms) = postSolution
		{BD87EB23-C0F8-45F6-B304-6AA0D65797A6}.Debug|Any CPU.ActiveCfg = Debug|Any CPU
		{BD87EB23-C0F8-45F6-B304-6AA0D65797A6}.Debug|Any CPU.Build.0 = Debug|Any CPU
		{BD87EB23-C0F8-45F6-B304-6AA0D65797A6}.Release|Any CPU.ActiveCfg = Release|Any CPU
		{BD87EB23-C0F8-45F6-B304-6AA0D65797A6}.Release|Any CPU.Build.0 = Release|Any CPU
		{47DCF239-D45C-4FDD-A940-7BE30F7E0F71}.Debug|Any CPU.ActiveCfg = Debug|Any CPU
		{47DCF239-D45C-4FDD-A940-7BE30F7E0F71}.Debug|Any CPU.Build.0 = Debug|Any CPU
		{47DCF239-D45C-4FDD-A940-7BE30F7E0F71}.Release|Any CPU.ActiveCfg = Release|Any CPU
		{47DCF239-D45C-4FDD-A940-7BE30F7E0F71}.Release|Any CPU.Build.0 = Release|Any CPU
	EndGlobalSection
	GlobalSection(SolutionProperties) = preSolution
		HideSolutionNode = FALSE
	EndGlobalSection
	GlobalSection(ExtensibilityGlobals) = postSolution
		SolutionGuid = {A543A79A-B509-414E-9214-BE1D859AD0B9}
	EndGlobalSection
EndGlobal
